
Microsoft Visual Studio Solution File, Format Version 12.00
# Visual Studio Version 16
VisualStudioVersion = 16.0.32802.440
MinimumVisualStudioVersion = 10.0.40219.1
Project("{FAE04EC0-301F-11D3-BF4B-00C04F79EFBC}") = "CapaVista", "CapaVista\CapaVista.csproj", "{DFDD5E5F-43EB-435B-94EE-44990DEE998C}"
EndProject
Project("{FAE04EC0-301F-11D3-BF4B-00C04F79EFBC}") = "CapaControlador", "CapaControlador\CapaControlador.csproj", "{DC7BAF3C-F6D1-4FD1-976D-169847B204F2}"
EndProject
Project("{FAE04EC0-301F-11D3-BF4B-00C04F79EFBC}") = "CapaModelo", "CapaModelo\CapaModelo.csproj", "{9BBE44CF-92D1-43E0-BC66-D181C546AEDE}"
EndProject
Global
	GlobalSection(SolutionConfigurationPlatforms) = preSolution
		Debug|Any CPU = Debug|Any CPU
		Release|Any CPU = Release|Any CPU
	EndGlobalSection
	GlobalSection(ProjectConfigurationPlatforms) = postSolution
		{DFDD5E5F-43EB-435B-94EE-44990DEE998C}.Debug|Any CPU.ActiveCfg = Debug|Any CPU
		{DFDD5E5F-43EB-435B-94EE-44990DEE998C}.Debug|Any CPU.Build.0 = Debug|Any CPU
		{DFDD5E5F-43EB-435B-94EE-44990DEE998C}.Release|Any CPU.ActiveCfg = Release|Any CPU
		{DFDD5E5F-43EB-435B-94EE-44990DEE998C}.Release|Any CPU.Build.0 = Release|Any CPU
		{DC7BAF3C-F6D1-4FD1-976D-169847B204F2}.Debug|Any CPU.ActiveCfg = Debug|Any CPU
		{DC7BAF3C-F6D1-4FD1-976D-169847B204F2}.Debug|Any CPU.Build.0 = Debug|Any CPU
		{DC7BAF3C-F6D1-4FD1-976D-169847B204F2}.Release|Any CPU.ActiveCfg = Release|Any CPU
		{DC7BAF3C-F6D1-4FD1-976D-169847B204F2}.Release|Any CPU.Build.0 = Release|Any CPU
		{9BBE44CF-92D1-43E0-BC66-D181C546AEDE}.Debug|Any CPU.ActiveCfg = Debug|Any CPU
		{9BBE44CF-92D1-43E0-BC66-D181C546AEDE}.Debug|Any CPU.Build.0 = Debug|Any CPU
		{9BBE44CF-92D1-43E0-BC66-D181C546AEDE}.Release|Any CPU.ActiveCfg = Release|Any CPU
		{9BBE44CF-92D1-43E0-BC66-D181C546AEDE}.Release|Any CPU.Build.0 = Release|Any CPU
	EndGlobalSection
	GlobalSection(SolutionProperties) = preSolution
		HideSolutionNode = FALSE
	EndGlobalSection
	GlobalSection(ExtensibilityGlobals) = postSolution
		SolutionGuid = {357337C3-AFE0-428A-8FFD-A01B7A031A75}
	EndGlobalSection
EndGlobal
